// !$*UTF8*$!
{
	archiveVersion = 1;
	classes = {
	};
	objectVersion = 56;
	objects = {

/* Begin PBXBuildFile section */
		B1B4ABBF29024744007FA78F /* AppDelegate.swift in Sources */ = {isa = PBXBuildFile; fileRef = B1B4ABBE29024744007FA78F /* AppDelegate.swift */; };
		B1B4ABC129024744007FA78F /* SceneDelegate.swift in Sources */ = {isa = PBXBuildFile; fileRef = B1B4ABC029024744007FA78F /* SceneDelegate.swift */; };
		B1B4ABC329024744007FA78F /* ViewController.swift in Sources */ = {isa = PBXBuildFile; fileRef = B1B4ABC229024744007FA78F /* ViewController.swift */; };
		B1B4ABC629024744007FA78F /* Main.storyboard in Resources */ = {isa = PBXBuildFile; fileRef = B1B4ABC429024744007FA78F /* Main.storyboard */; };
		B1B4ABC829024745007FA78F /* Assets.xcassets in Resources */ = {isa = PBXBuildFile; fileRef = B1B4ABC729024745007FA78F /* Assets.xcassets */; };
		B1B4ABCB29024745007FA78F /* LaunchScreen.storyboard in Resources */ = {isa = PBXBuildFile; fileRef = B1B4ABC929024745007FA78F /* LaunchScreen.storyboard */; };
		B1B4ABD629024745007FA78F /* MAPD714_Lab6Tests.swift in Sources */ = {isa = PBXBuildFile; fileRef = B1B4ABD529024745007FA78F /* MAPD714_Lab6Tests.swift */; };
		B1B4ABE029024745007FA78F /* MAPD714_Lab6UITests.swift in Sources */ = {isa = PBXBuildFile; fileRef = B1B4ABDF29024745007FA78F /* MAPD714_Lab6UITests.swift */; };
		B1B4ABE229024745007FA78F /* MAPD714_Lab6UITestsLaunchTests.swift in Sources */ = {isa = PBXBuildFile; fileRef = B1B4ABE129024745007FA78F /* MAPD714_Lab6UITestsLaunchTests.swift */; };
/* End PBXBuildFile section */

/* Begin PBXContainerItemProxy section */
		B1B4ABD229024745007FA78F /* PBXContainerItemProxy */ = {
			isa = PBXContainerItemProxy;
			containerPortal = B1B4ABB329024744007FA78F /* Project object */;
			proxyType = 1;
			remoteGlobalIDString = B1B4ABBA29024744007FA78F;
			remoteInfo = "MAPD714-Lab6";
		};
		B1B4ABDC29024745007FA78F /* PBXContainerItemProxy */ = {
			isa = PBXContainerItemProxy;
			containerPortal = B1B4ABB329024744007FA78F /* Project object */;
			proxyType = 1;
			remoteGlobalIDString = B1B4ABBA29024744007FA78F;
			remoteInfo = "MAPD714-Lab6";
		};
/* End PBXContainerItemProxy section */

/* Begin PBXFileReference section */
		B1B4ABBB29024744007FA78F /* MAPD714-Lab6.app */ = {isa = PBXFileReference; explicitFileType = wrapper.application; includeInIndex = 0; path = "MAPD714-Lab6.app"; sourceTree = BUILT_PRODUCTS_DIR; };
		B1B4ABBE29024744007FA78F /* AppDelegate.swift */ = {isa = PBXFileReference; lastKnownFileType = sourcecode.swift; path = AppDelegate.swift; sourceTree = "<group>"; };
		B1B4ABC029024744007FA78F /* SceneDelegate.swift */ = {isa = PBXFileReference; lastKnownFileType = sourcecode.swift; path = SceneDelegate.swift; sourceTree = "<group>"; };
		B1B4ABC229024744007FA78F /* ViewController.swift */ = {isa = PBXFileReference; lastKnownFileType = sourcecode.swift; path = ViewController.swift; sourceTree = "<group>"; };
		B1B4ABC529024744007FA78F /* Base */ = {isa = PBXFileReference; lastKnownFileType = file.storyboard; name = Base; path = Base.lproj/Main.storyboard; sourceTree = "<group>"; };
		B1B4ABC729024745007FA78F /* Assets.xcassets */ = {isa = PBXFileReference; lastKnownFileType = folder.assetcatalog; path = Assets.xcassets; sourceTree = "<group>"; };
		B1B4ABCA29024745007FA78F /* Base */ = {isa = PBXFileReference; lastKnownFileType = file.storyboard; name = Base; path = Base.lproj/LaunchScreen.storyboard; sourceTree = "<group>"; };
		B1B4ABCC29024745007FA78F /* Info.plist */ = {isa = PBXFileReference; lastKnownFileType = text.plist.xml; path = Info.plist; sourceTree = "<group>"; };
		B1B4ABD129024745007FA78F /* MAPD714-Lab6Tests.xctest */ = {isa = PBXFileReference; explicitFileType = wrapper.cfbundle; includeInIndex = 0; path = "MAPD714-Lab6Tests.xctest"; sourceTree = BUILT_PRODUCTS_DIR; };
		B1B4ABD529024745007FA78F /* MAPD714_Lab6Tests.swift */ = {isa = PBXFileReference; lastKnownFileType = sourcecode.swift; path = MAPD714_Lab6Tests.swift; sourceTree = "<group>"; };
		B1B4ABDB29024745007FA78F /* MAPD714-Lab6UITests.xctest */ = {isa = PBXFileReference; explicitFileType = wrapper.cfbundle; includeInIndex = 0; path = "MAPD714-Lab6UITests.xctest"; sourceTree = BUILT_PRODUCTS_DIR; };
		B1B4ABDF29024745007FA78F /* MAPD714_Lab6UITests.swift */ = {isa = PBXFileReference; lastKnownFileType = sourcecode.swift; path = MAPD714_Lab6UITests.swift; sourceTree = "<group>"; };
		B1B4ABE129024745007FA78F /* MAPD714_Lab6UITestsLaunchTests.swift */ = {isa = PBXFileReference; lastKnownFileType = sourcecode.swift; path = MAPD714_Lab6UITestsLaunchTests.swift; sourceTree = "<group>"; };
/* End PBXFileReference section */

/* Begin PBXFrameworksBuildPhase section */
		B1B4ABB829024744007FA78F /* Frameworks */ = {
			isa = PBXFrameworksBuildPhase;
			buildActionMask = 2147483647;
			files = (
			);
			runOnlyForDeploymentPostprocessing = 0;
		};
		B1B4ABCE29024745007FA78F /* Frameworks */ = {
			isa = PBXFrameworksBuildPhase;
			buildActionMask = 2147483647;
			files = (
			);
			runOnlyForDeploymentPostprocessing = 0;
		};
		B1B4ABD829024745007FA78F /* Frameworks */ = {
			isa = PBXFrameworksBuildPhase;
			buildActionMask = 2147483647;
			files = (
			);
			runOnlyForDeploymentPostprocessing = 0;
		};
/* End PBXFrameworksBuildPhase section */

/* Begin PBXGroup section */
		B1B4ABB229024744007FA78F = {
			isa = PBXGroup;
			children = (
				B1B4ABBD29024744007FA78F /* MAPD714-Lab6 */,
				B1B4ABD429024745007FA78F /* MAPD714-Lab6Tests */,
				B1B4ABDE29024745007FA78F /* MAPD714-Lab6UITests */,
				B1B4ABBC29024744007FA78F /* Products */,
			);
			sourceTree = "<group>";
		};
		B1B4ABBC29024744007FA78F /* Products */ = {
			isa = PBXGroup;
			children = (
				B1B4ABBB29024744007FA78F /* MAPD714-Lab6.app */,
				B1B4ABD129024745007FA78F /* MAPD714-Lab6Tests.xctest */,
				B1B4ABDB29024745007FA78F /* MAPD714-Lab6UITests.xctest */,
			);
			name = Products;
			sourceTree = "<group>";
		};
		B1B4ABBD29024744007FA78F /* MAPD714-Lab6 */ = {
			isa = PBXGroup;
			children = (
				B1B4ABBE29024744007FA78F /* AppDelegate.swift */,
				B1B4ABC029024744007FA78F /* SceneDelegate.swift */,
				B1B4ABC229024744007FA78F /* ViewController.swift */,
				B1B4ABC429024744007FA78F /* Main.storyboard */,
				B1B4ABC729024745007FA78F /* Assets.xcassets */,
				B1B4ABC929024745007FA78F /* LaunchScreen.storyboard */,
				B1B4ABCC29024745007FA78F /* Info.plist */,
			);
			path = "MAPD714-Lab6";
			sourceTree = "<group>";
		};
		B1B4ABD429024745007FA78F /* MAPD714-Lab6Tests */ = {
			isa = PBXGroup;
			children = (
				B1B4ABD529024745007FA78F /* MAPD714_Lab6Tests.swift */,
			);
			path = "MAPD714-Lab6Tests";
			sourceTree = "<group>";
		};
		B1B4ABDE29024745007FA78F /* MAPD714-Lab6UITests */ = {
			isa = PBXGroup;
			children = (
				B1B4ABDF29024745007FA78F /* MAPD714_Lab6UITests.swift */,
				B1B4ABE129024745007FA78F /* MAPD714_Lab6UITestsLaunchTests.swift */,
			);
			path = "MAPD714-Lab6UITests";
			sourceTree = "<group>";
		};
/* End PBXGroup section */

/* Begin PBXNativeTarget section */
		B1B4ABBA29024744007FA78F /* MAPD714-Lab6 */ = {
			isa = PBXNativeTarget;
			buildConfigurationList = B1B4ABE529024745007FA78F /* Build configuration list for PBXNativeTarget "MAPD714-Lab6" */;
			buildPhases = (
				B1B4ABB729024744007FA78F /* Sources */,
				B1B4ABB829024744007FA78F /* Frameworks */,
				B1B4ABB929024744007FA78F /* Resources */,
			);
			buildRules = (
			);
			dependencies = (
			);
			name = "MAPD714-Lab6";
			productName = "MAPD714-Lab6";
			productReference = B1B4ABBB29024744007FA78F /* MAPD714-Lab6.app */;
			productType = "com.apple.product-type.application";
		};
		B1B4ABD029024745007FA78F /* MAPD714-Lab6Tests */ = {
			isa = PBXNativeTarget;
			buildConfigurationList = B1B4ABE829024745007FA78F /* Build configuration list for PBXNativeTarget "MAPD714-Lab6Tests" */;
			buildPhases = (
				B1B4ABCD29024745007FA78F /* Sources */,
				B1B4ABCE29024745007FA78F /* Frameworks */,
				B1B4ABCF29024745007FA78F /* Resources */,
			);
			buildRules = (
			);
			dependencies = (
				B1B4ABD329024745007FA78F /* PBXTargetDependency */,
			);
			name = "MAPD714-Lab6Tests";
			productName = "MAPD714-Lab6Tests";
			productReference = B1B4ABD129024745007FA78F /* MAPD714-Lab6Tests.xctest */;
			productType = "com.apple.product-type.bundle.unit-test";
		};
		B1B4ABDA29024745007FA78F /* MAPD714-Lab6UITests */ = {
			isa = PBXNativeTarget;
			buildConfigurationList = B1B4ABEB29024745007FA78F /* Build configuration list for PBXNativeTarget "MAPD714-Lab6UITests" */;
			buildPhases = (
				B1B4ABD729024745007FA78F /* Sources */,
				B1B4ABD829024745007FA78F /* Frameworks */,
				B1B4ABD929024745007FA78F /* Resources */,
			);
			buildRules = (
			);
			dependencies = (
				B1B4ABDD29024745007FA78F /* PBXTargetDependency */,
			);
			name = "MAPD714-Lab6UITests";
			productName = "MAPD714-Lab6UITests";
			productReference = B1B4ABDB29024745007FA78F /* MAPD714-Lab6UITests.xctest */;
			productType = "com.apple.product-type.bundle.ui-testing";
		};
/* End PBXNativeTarget section */

/* Begin PBXProject section */
		B1B4ABB329024744007FA78F /* Project object */ = {
			isa = PBXProject;
			attributes = {
				BuildIndependentTargetsInParallel = 1;
				LastSwiftUpdateCheck = 1400;
				LastUpgradeCheck = 1400;
				TargetAttributes = {
					B1B4ABBA29024744007FA78F = {
						CreatedOnToolsVersion = 14.0.1;
					};
					B1B4ABD029024745007FA78F = {
						CreatedOnToolsVersion = 14.0.1;
						TestTargetID = B1B4ABBA29024744007FA78F;
					};
					B1B4ABDA29024745007FA78F = {
						CreatedOnToolsVersion = 14.0.1;
						TestTargetID = B1B4ABBA29024744007FA78F;
					};
				};
			};
			buildConfigurationList = B1B4ABB629024744007FA78F /* Build configuration list for PBXProject "MAPD714-Lab6" */;
			compatibilityVersion = "Xcode 14.0";
			developmentRegion = en;
			hasScannedForEncodings = 0;
			knownRegions = (
				en,
				Base,
			);
			mainGroup = B1B4ABB229024744007FA78F;
			productRefGroup = B1B4ABBC29024744007FA78F /* Products */;
			projectDirPath = "";
			projectRoot = "";
			targets = (
				B1B4ABBA29024744007FA78F /* MAPD714-Lab6 */,
				B1B4ABD029024745007FA78F /* MAPD714-Lab6Tests */,
				B1B4ABDA29024745007FA78F /* MAPD714-Lab6UITests */,
			);
		};
/* End PBXProject section */

/* Begin PBXResourcesBuildPhase section */
		B1B4ABB929024744007FA78F /* Resources */ = {
			isa = PBXResourcesBuildPhase;
			buildActionMask = 2147483647;
			files = (
				B1B4ABCB29024745007FA78F /* LaunchScreen.storyboard in Resources */,
				B1B4ABC829024745007FA78F /* Assets.xcassets in Resources */,
				B1B4ABC629024744007FA78F /* Main.storyboard in Resources */,
			);
			runOnlyForDeploymentPostprocessing = 0;
		};
		B1B4ABCF29024745007FA78F /* Resources */ = {
			isa = PBXResourcesBuildPhase;
			buildActionMask = 2147483647;
			files = (
			);
			runOnlyForDeploymentPostprocessing = 0;
		};
		B1B4ABD929024745007FA78F /* Resources */ = {
			isa = PBXResourcesBuildPhase;
			buildActionMask = 2147483647;
			files = (
			);
			runOnlyForDeploymentPostprocessing = 0;
		};
/* End PBXResourcesBuildPhase section */

/* Begin PBXSourcesBuildPhase section */
		B1B4ABB729024744007FA78F /* Sources */ = {
			isa = PBXSourcesBuildPhase;
			buildActionMask = 2147483647;
			files = (
				B1B4ABC329024744007FA78F /* ViewController.swift in Sources */,
				B1B4ABBF29024744007FA78F /* AppDelegate.swift in Sources */,
				B1B4ABC129024744007FA78F /* SceneDelegate.swift in Sources */,
			);
			runOnlyForDeploymentPostprocessing = 0;
		};
		B1B4ABCD29024745007FA78F /* Sources */ = {
			isa = PBXSourcesBuildPhase;
			buildActionMask = 2147483647;
			files = (
				B1B4ABD629024745007FA78F /* MAPD714_Lab6Tests.swift in Sources */,
			);
			runOnlyForDeploymentPostprocessing = 0;
		};
		B1B4ABD729024745007FA78F /* Sources */ = {
			isa = PBXSourcesBuildPhase;
			buildActionMask = 2147483647;
			files = (
				B1B4ABE229024745007FA78F /* MAPD714_Lab6UITestsLaunchTests.swift in Sources */,
				B1B4ABE029024745007FA78F /* MAPD714_Lab6UITests.swift in Sources */,
			);
			runOnlyForDeploymentPostprocessing = 0;
		};
/* End PBXSourcesBuildPhase section */

/* Begin PBXTargetDependency section */
		B1B4ABD329024745007FA78F /* PBXTargetDependency */ = {
			isa = PBXTargetDependency;
			target = B1B4ABBA29024744007FA78F /* MAPD714-Lab6 */;
			targetProxy = B1B4ABD229024745007FA78F /* PBXContainerItemProxy */;
		};
		B1B4ABDD29024745007FA78F /* PBXTargetDependency */ = {
			isa = PBXTargetDependency;
			target = B1B4ABBA29024744007FA78F /* MAPD714-Lab6 */;
			targetProxy = B1B4ABDC29024745007FA78F /* PBXContainerItemProxy */;
		};
/* End PBXTargetDependency section */

/* Begin PBXVariantGroup section */
		B1B4ABC429024744007FA78F /* Main.storyboard */ = {
			isa = PBXVariantGroup;
			children = (
				B1B4ABC529024744007FA78F /* Base */,
			);
			name = Main.storyboard;
			sourceTree = "<group>";
		};
		B1B4ABC929024745007FA78F /* LaunchScreen.storyboard */ = {
			isa = PBXVariantGroup;
			children = (
				B1B4ABCA29024745007FA78F /* Base */,
			);
			name = LaunchScreen.storyboard;
			sourceTree = "<group>";
		};
/* End PBXVariantGroup section */

/* Begin XCBuildConfiguration section */
		B1B4ABE329024745007FA78F /* Debug */ = {
			isa = XCBuildConfiguration;
			buildSettings = {
				ALWAYS_SEARCH_USER_PATHS = NO;
				CLANG_ANALYZER_NONNULL = YES;
				CLANG_ANALYZER_NUMBER_OBJECT_CONVERSION = YES_AGGRESSIVE;
				CLANG_CXX_LANGUAGE_STANDARD = "gnu++20";
				CLANG_ENABLE_MODULES = YES;
				CLANG_ENABLE_OBJC_ARC = YES;
				CLANG_ENABLE_OBJC_WEAK = YES;
				CLANG_WARN_BLOCK_CAPTURE_AUTORELEASING = YES;
				CLANG_WARN_BOOL_CONVERSION = YES;
				CLANG_WARN_COMMA = YES;
				CLANG_WARN_CONSTANT_CONVERSION = YES;
				CLANG_WARN_DEPRECATED_OBJC_IMPLEMENTATIONS = YES;
				CLANG_WARN_DIRECT_OBJC_ISA_USAGE = YES_ERROR;
				CLANG_WARN_DOCUMENTATION_COMMENTS = YES;
				CLANG_WARN_EMPTY_BODY = YES;
				CLANG_WARN_ENUM_CONVERSION = YES;
				CLANG_WARN_INFINITE_RECURSION = YES;
				CLANG_WARN_INT_CONVERSION = YES;
				CLANG_WARN_NON_LITERAL_NULL_CONVERSION = YES;
				CLANG_WARN_OBJC_IMPLICIT_RETAIN_SELF = YES;
				CLANG_WARN_OBJC_LITERAL_CONVERSION = YES;
				CLANG_WARN_OBJC_ROOT_CLASS = YES_ERROR;
				CLANG_WARN_QUOTED_INCLUDE_IN_FRAMEWORK_HEADER = YES;
				CLANG_WARN_RANGE_LOOP_ANALYSIS = YES;
				CLANG_WARN_STRICT_PROTOTYPES = YES;
				CLANG_WARN_SUSPICIOUS_MOVE = YES;
				CLANG_WARN_UNGUARDED_AVAILABILITY = YES_AGGRESSIVE;
				CLANG_WARN_UNREACHABLE_CODE = YES;
				CLANG_WARN__DUPLICATE_METHOD_MATCH = YES;
				COPY_PHASE_STRIP = NO;
				DEBUG_INFORMATION_FORMAT = dwarf;
				ENABLE_STRICT_OBJC_MSGSEND = YES;
				ENABLE_TESTABILITY = YES;
				GCC_C_LANGUAGE_STANDARD = gnu11;
				GCC_DYNAMIC_NO_PIC = NO;
				GCC_NO_COMMON_BLOCKS = YES;
				GCC_OPTIMIZATION_LEVEL = 0;
				GCC_PREPROCESSOR_DEFINITIONS = (
					"DEBUG=1",
					"$(inherited)",
				);
				GCC_WARN_64_TO_32_BIT_CONVERSION = YES;
				GCC_WARN_ABOUT_RETURN_TYPE = YES_ERROR;
				GCC_WARN_UNDECLARED_SELECTOR = YES;
				GCC_WARN_UNINITIALIZED_AUTOS = YES_AGGRESSIVE;
				GCC_WARN_UNUSED_FUNCTION = YES;
				GCC_WARN_UNUSED_VARIABLE = YES;
				IPHONEOS_DEPLOYMENT_TARGET = 16.0;
				MTL_ENABLE_DEBUG_INFO = INCLUDE_SOURCE;
				MTL_FAST_MATH = YES;
				ONLY_ACTIVE_ARCH = YES;
				SDKROOT = iphoneos;
				SWIFT_ACTIVE_COMPILATION_CONDITIONS = DEBUG;
				SWIFT_OPTIMIZATION_LEVEL = "-Onone";
			};
			name = Debug;
		};
		B1B4ABE429024745007FA78F /* Release */ = {
			isa = XCBuildConfiguration;
			buildSettings = {
				ALWAYS_SEARCH_USER_PATHS = NO;
				CLANG_ANALYZER_NONNULL = YES;
				CLANG_ANALYZER_NUMBER_OBJECT_CONVERSION = YES_AGGRESSIVE;
				CLANG_CXX_LANGUAGE_STANDARD = "gnu++20";
				CLANG_ENABLE_MODULES = YES;
				CLANG_ENABLE_OBJC_ARC = YES;
				CLANG_ENABLE_OBJC_WEAK = YES;
				CLANG_WARN_BLOCK_CAPTURE_AUTORELEASING = YES;
				CLANG_WARN_BOOL_CONVERSION = YES;
				CLANG_WARN_COMMA = YES;
				CLANG_WARN_CONSTANT_CONVERSION = YES;
				CLANG_WARN_DEPRECATED_OBJC_IMPLEMENTATIONS = YES;
				CLANG_WARN_DIRECT_OBJC_ISA_USAGE = YES_ERROR;
				CLANG_WARN_DOCUMENTATION_COMMENTS = YES;
				CLANG_WARN_EMPTY_BODY = YES;
				CLANG_WARN_ENUM_CONVERSION = YES;
				CLANG_WARN_INFINITE_RECURSION = YES;
				CLANG_WARN_INT_CONVERSION = YES;
				CLANG_WARN_NON_LITERAL_NULL_CONVERSION = YES;
				CLANG_WARN_OBJC_IMPLICIT_RETAIN_SELF = YES;
				CLANG_WARN_OBJC_LITERAL_CONVERSION = YES;
				CLANG_WARN_OBJC_ROOT_CLASS = YES_ERROR;
				CLANG_WARN_QUOTED_INCLUDE_IN_FRAMEWORK_HEADER = YES;
				CLANG_WARN_RANGE_LOOP_ANALYSIS = YES;
				CLANG_WARN_STRICT_PROTOTYPES = YES;
				CLANG_WARN_SUSPICIOUS_MOVE = YES;
				CLANG_WARN_UNGUARDED_AVAILABILITY = YES_AGGRESSIVE;
				CLANG_WARN_UNREACHABLE_CODE = YES;
				CLANG_WARN__DUPLICATE_METHOD_MATCH = YES;
				COPY_PHASE_STRIP = NO;
				DEBUG_INFORMATION_FORMAT = "dwarf-with-dsym";
				ENABLE_NS_ASSERTIONS = NO;
				ENABLE_STRICT_OBJC_MSGSEND = YES;
				GCC_C_LANGUAGE_STANDARD = gnu11;
				GCC_NO_COMMON_BLOCKS = YES;
				GCC_WARN_64_TO_32_BIT_CONVERSION = YES;
				GCC_WARN_ABOUT_RETURN_TYPE = YES_ERROR;
				GCC_WARN_UNDECLARED_SELECTOR = YES;
				GCC_WARN_UNINITIALIZED_AUTOS = YES_AGGRESSIVE;
				GCC_WARN_UNUSED_FUNCTION = YES;
				GCC_WARN_UNUSED_VARIABLE = YES;
				IPHONEOS_DEPLOYMENT_TARGET = 16.0;
				MTL_ENABLE_DEBUG_INFO = NO;
				MTL_FAST_MATH = YES;
				SDKROOT = iphoneos;
				SWIFT_COMPILATION_MODE = wholemodule;
				SWIFT_OPTIMIZATION_LEVEL = "-O";
				VALIDATE_PRODUCT = YES;
			};
			name = Release;
		};
		B1B4ABE629024745007FA78F /* Debug */ = {
			isa = XCBuildConfiguration;
			buildSettings = {
				ASSETCATALOG_COMPILER_APPICON_NAME = AppIcon;
				ASSETCATALOG_COMPILER_GLOBAL_ACCENT_COLOR_NAME = AccentColor;
				CODE_SIGN_STYLE = Automatic;
				CURRENT_PROJECT_VERSION = 1;
				DEVELOPMENT_TEAM = 8R33B3Y225;
				GENERATE_INFOPLIST_FILE = YES;
				INFOPLIST_FILE = "MAPD714-Lab6/Info.plist";
				INFOPLIST_KEY_UIApplicationSupportsIndirectInputEvents = YES;
				INFOPLIST_KEY_UILaunchStoryboardName = LaunchScreen;
				INFOPLIST_KEY_UIMainStoryboardFile = Main;
				INFOPLIST_KEY_UISupportedInterfaceOrientations_iPad = "UIInterfaceOrientationPortrait UIInterfaceOrientationPortraitUpsideDown UIInterfaceOrientationLandscapeLeft UIInterfaceOrientationLandscapeRight";
				INFOPLIST_KEY_UISupportedInterfaceOrientations_iPhone = "UIInterfaceOrientationPortrait UIInterfaceOrientationLandscapeLeft UIInterfaceOrientationLandscapeRight";
				LD_RUNPATH_SEARCH_PATHS = (
					"$(inherited)",
					"@executable_path/Frameworks",
				);
				MARKETING_VERSION = 1.0;
				PRODUCT_BUNDLE_IDENTIFIER = "com.example.MAPD714-Lab6";
				PRODUCT_NAME = "$(TARGET_NAME)";
				SWIFT_EMIT_LOC_STRINGS = YES;
				SWIFT_VERSION = 5.0;
				TARGETED_DEVICE_FAMILY = "1,2";
			};
			name = Debug;
		};
		B1B4ABE729024745007FA78F /* Release */ = {
			isa = XCBuildConfiguration;
			buildSettings = {
				ASSETCATALOG_COMPILER_APPICON_NAME = AppIcon;
				ASSETCATALOG_COMPILER_GLOBAL_ACCENT_COLOR_NAME = AccentColor;
				CODE_SIGN_STYLE = Automatic;
				CURRENT_PROJECT_VERSION = 1;
				DEVELOPMENT_TEAM = 8R33B3Y225;
				GENERATE_INFOPLIST_FILE = YES;
				INFOPLIST_FILE = "MAPD714-Lab6/Info.plist";
				INFOPLIST_KEY_UIApplicationSupportsIndirectInputEvents = YES;
				INFOPLIST_KEY_UILaunchStoryboardName = LaunchScreen;
				INFOPLIST_KEY_UIMainStoryboardFile = Main;
				INFOPLIST_KEY_UISupportedInterfaceOrientations_iPad = "UIInterfaceOrientationPortrait UIInterfaceOrientationPortraitUpsideDown UIInterfaceOrientationLandscapeLeft UIInterfaceOrientationLandscapeRight";
				INFOPLIST_KEY_UISupportedInterfaceOrientations_iPhone = "UIInterfaceOrientationPortrait UIInterfaceOrientationLandscapeLeft UIInterfaceOrientationLandscapeRight";
				LD_RUNPATH_SEARCH_PATHS = (
					"$(inherited)",
					"@executable_path/Frameworks",
				);
				MARKETING_VERSION = 1.0;
				PRODUCT_BUNDLE_IDENTIFIER = "com.example.MAPD714-Lab6";
				PRODUCT_NAME = "$(TARGET_NAME)";
				SWIFT_EMIT_LOC_STRINGS = YES;
				SWIFT_VERSION = 5.0;
				TARGETED_DEVICE_FAMILY = "1,2";
			};
			name = Release;
		};
		B1B4ABE929024745007FA78F /* Debug */ = {
			isa = XCBuildConfiguration;
			buildSettings = {
				ALWAYS_EMBED_SWIFT_STANDARD_LIBRARIES = YES;
				BUNDLE_LOADER = "$(TEST_HOST)";
				CODE_SIGN_STYLE = Automatic;
				CURRENT_PROJECT_VERSION = 1;
				DEVELOPMENT_TEAM = 8R33B3Y225;
				GENERATE_INFOPLIST_FILE = YES;
				IPHONEOS_DEPLOYMENT_TARGET = 16.0;
				MARKETING_VERSION = 1.0;
				PRODUCT_BUNDLE_IDENTIFIER = "com.example.MAPD714-Lab6Tests";
				PRODUCT_NAME = "$(TARGET_NAME)";
				SWIFT_EMIT_LOC_STRINGS = NO;
				SWIFT_VERSION = 5.0;
				TARGETED_DEVICE_FAMILY = "1,2";
				TEST_HOST = "$(BUILT_PRODUCTS_DIR)/MAPD714-Lab6.app/$(BUNDLE_EXECUTABLE_FOLDER_PATH)/MAPD714-Lab6";
			};
			name = Debug;
		};
		B1B4ABEA29024745007FA78F /* Release */ = {
			isa = XCBuildConfiguration;
			buildSettings = {
				ALWAYS_EMBED_SWIFT_STANDARD_LIBRARIES = YES;
				BUNDLE_LOADER = "$(TEST_HOST)";
				CODE_SIGN_STYLE = Automatic;
				CURRENT_PROJECT_VERSION = 1;
				DEVELOPMENT_TEAM = 8R33B3Y225;
				GENERATE_INFOPLIST_FILE = YES;
				IPHONEOS_DEPLOYMENT_TARGET = 16.0;
				MARKETING_VERSION = 1.0;
				PRODUCT_BUNDLE_IDENTIFIER = "com.example.MAPD714-Lab6Tests";
				PRODUCT_NAME = "$(TARGET_NAME)";
				SWIFT_EMIT_LOC_STRINGS = NO;
				SWIFT_VERSION = 5.0;
				TARGETED_DEVICE_FAMILY = "1,2";
				TEST_HOST = "$(BUILT_PRODUCTS_DIR)/MAPD714-Lab6.app/$(BUNDLE_EXECUTABLE_FOLDER_PATH)/MAPD714-Lab6";
			};
			name = Release;
		};
		B1B4ABEC29024745007FA78F /* Debug */ = {
			isa = XCBuildConfiguration;
			buildSettings = {
				ALWAYS_EMBED_SWIFT_STANDARD_LIBRARIES = YES;
				CODE_SIGN_STYLE = Automatic;
				CURRENT_PROJECT_VERSION = 1;
				DEVELOPMENT_TEAM = 8R33B3Y225;
				GENERATE_INFOPLIST_FILE = YES;
				MARKETING_VERSION = 1.0;
				PRODUCT_BUNDLE_IDENTIFIER = "com.example.MAPD714-Lab6UITests";
				PRODUCT_NAME = "$(TARGET_NAME)";
				SWIFT_EMIT_LOC_STRINGS = NO;
				SWIFT_VERSION = 5.0;
				TARGETED_DEVICE_FAMILY = "1,2";
				TEST_TARGET_NAME = "MAPD714-Lab6";
			};
			name = Debug;
		};
		B1B4ABED29024745007FA78F /* Release */ = {
			isa = XCBuildConfiguration;
			buildSettings = {
				ALWAYS_EMBED_SWIFT_STANDARD_LIBRARIES = YES;
				CODE_SIGN_STYLE = Automatic;
				CURRENT_PROJECT_VERSION = 1;
				DEVELOPMENT_TEAM = 8R33B3Y225;
				GENERATE_INFOPLIST_FILE = YES;
				MARKETING_VERSION = 1.0;
				PRODUCT_BUNDLE_IDENTIFIER = "com.example.MAPD714-Lab6UITests";
				PRODUCT_NAME = "$(TARGET_NAME)";
				SWIFT_EMIT_LOC_STRINGS = NO;
				SWIFT_VERSION = 5.0;
				TARGETED_DEVICE_FAMILY = "1,2";
				TEST_TARGET_NAME = "MAPD714-Lab6";
			};
			name = Release;
		};
/* End XCBuildConfiguration section */

/* Begin XCConfigurationList section */
		B1B4ABB629024744007FA78F /* Build configuration list for PBXProject "MAPD714-Lab6" */ = {
			isa = XCConfigurationList;
			buildConfigurations = (
				B1B4ABE329024745007FA78F /* Debug */,
				B1B4ABE429024745007FA78F /* Release */,
			);
			defaultConfigurationIsVisible = 0;
			defaultConfigurationName = Release;
		};
		B1B4ABE529024745007FA78F /* Build configuration list for PBXNativeTarget "MAPD714-Lab6" */ = {
			isa = XCConfigurationList;
			buildConfigurations = (
				B1B4ABE629024745007FA78F /* Debug */,
				B1B4ABE729024745007FA78F /* Release */,
			);
			defaultConfigurationIsVisible = 0;
			defaultConfigurationName = Release;
		};
		B1B4ABE829024745007FA78F /* Build configuration list for PBXNativeTarget "MAPD714-Lab6Tests" */ = {
			isa = XCConfigurationList;
			buildConfigurations = (
				B1B4ABE929024745007FA78F /* Debug */,
				B1B4ABEA29024745007FA78F /* Release */,
			);
			defaultConfigurationIsVisible = 0;
			defaultConfigurationName = Release;
		};
		B1B4ABEB29024745007FA78F /* Build configuration list for PBXNativeTarget "MAPD714-Lab6UITests" */ = {
			isa = XCConfigurationList;
			buildConfigurations = (
				B1B4ABEC29024745007FA78F /* Debug */,
				B1B4ABED29024745007FA78F /* Release */,
			);
			defaultConfigurationIsVisible = 0;
			defaultConfigurationName = Release;
		};
/* End XCConfigurationList section */
	};
	rootObject = B1B4ABB329024744007FA78F /* Project object */;
}
